
Microsoft Visual Studio Solution File, Format Version 12.00
# Visual Studio Version 17
VisualStudioVersion = 17.2.32616.157
MinimumVisualStudioVersion = 10.0.40219.1
Project("{FAE04EC0-301F-11D3-BF4B-00C04F79EFBC}") = "SD-340-W22SD-Labs", "SD-340-W22SD-Labs\SD-340-W22SD-Labs.csproj", "{0444E954-B5E6-452F-9739-A5B19AA7FFF9}"
EndProject
Global
	GlobalSection(SolutionConfigurationPlatforms) = preSolution
		Debug|Any CPU = Debug|Any CPU
		Release|Any CPU = Release|Any CPU
	EndGlobalSection
	GlobalSection(ProjectConfigurationPlatforms) = postSolution
		{0444E954-B5E6-452F-9739-A5B19AA7FFF9}.Debug|Any CPU.ActiveCfg = Debug|Any CPU
		{0444E954-B5E6-452F-9739-A5B19AA7FFF9}.Debug|Any CPU.Build.0 = Debug|Any CPU
		{0444E954-B5E6-452F-9739-A5B19AA7FFF9}.Release|Any CPU.ActiveCfg = Release|Any CPU
		{0444E954-B5E6-452F-9739-A5B19AA7FFF9}.Release|Any CPU.Build.0 = Release|Any CPU
	EndGlobalSection
	GlobalSection(SolutionProperties) = preSolution
		HideSolutionNode = FALSE
	EndGlobalSection
	GlobalSection(ExtensibilityGlobals) = postSolution
		SolutionGuid = {8DDCD6CC-5E8F-4D6A-894D-FE0108B3B888}
	EndGlobalSection
EndGlobal
